
Microsoft Visual Studio Solution File, Format Version 12.00
# Visual Studio 15
VisualStudioVersion = 15.0.27004.2005
MinimumVisualStudioVersion = 10.0.40219.1
Project("{FAE04EC0-301F-11D3-BF4B-00C04F79EFBC}") = "DemoPurposeCoreAngularApp", "DemoPurposeCoreAngularApp\DemoPurposeCoreAngularApp.csproj", "{0075913F-0F95-444B-A910-CA9927209160}"
EndProject
Global
	GlobalSection(SolutionConfigurationPlatforms) = preSolution
		Debug|Any CPU = Debug|Any CPU
		Release|Any CPU = Release|Any CPU
	EndGlobalSection
	GlobalSection(ProjectConfigurationPlatforms) = postSolution
		{0075913F-0F95-444B-A910-CA9927209160}.Debug|Any CPU.ActiveCfg = Debug|Any CPU
		{0075913F-0F95-444B-A910-CA9927209160}.Debug|Any CPU.Build.0 = Debug|Any CPU
		{0075913F-0F95-444B-A910-CA9927209160}.Release|Any CPU.ActiveCfg = Release|Any CPU
		{0075913F-0F95-444B-A910-CA9927209160}.Release|Any CPU.Build.0 = Release|Any CPU
	EndGlobalSection
	GlobalSection(SolutionProperties) = preSolution
		HideSolutionNode = FALSE
	EndGlobalSection
	GlobalSection(ExtensibilityGlobals) = postSolution
		SolutionGuid = {7A91FC98-BC3C-4A56-BFA1-9CAAA5B76359}
	EndGlobalSection
EndGlobal
